Microsoft Visual Studio Solution File, Format Version 11.00
# Visual Studio 2008

Project("{B2D85A09-E724-1F18-FBF1-FF4A824BC3C8}") = "project-unity5", "Assembly-CSharp.csproj", "{91112BBA-EA92-4404-1663-5A67429998C7}"
EndProject
Project("{B2D85A09-E724-1F18-FBF1-FF4A824BC3C8}") = "project-unity5", "Assembly-CSharp-Editor.csproj", "{46AF2090-0789-4DD6-7AFD-94BDCBDC514B}"
EndProject
Global
	GlobalSection(SolutionConfigurationPlatforms) = preSolution
		Debug|Any CPU = Debug|Any CPU
		Release|Any CPU = Release|Any CPU
	EndGlobalSection
	GlobalSection(ProjectConfigurationPlatforms) = postSolution
		{91112BBA-EA92-4404-1663-5A67429998C7}.Debug|Any CPU.ActiveCfg = Debug|Any CPU
		{91112BBA-EA92-4404-1663-5A67429998C7}.Debug|Any CPU.Build.0 = Debug|Any CPU
		{91112BBA-EA92-4404-1663-5A67429998C7}.Release|Any CPU.ActiveCfg = Release|Any CPU
		{91112BBA-EA92-4404-1663-5A67429998C7}.Release|Any CPU.Build.0 = Release|Any CPU
		{46AF2090-0789-4DD6-7AFD-94BDCBDC514B}.Debug|Any CPU.ActiveCfg = Debug|Any CPU
		{46AF2090-0789-4DD6-7AFD-94BDCBDC514B}.Debug|Any CPU.Build.0 = Debug|Any CPU
		{46AF2090-0789-4DD6-7AFD-94BDCBDC514B}.Release|Any CPU.ActiveCfg = Release|Any CPU
		{46AF2090-0789-4DD6-7AFD-94BDCBDC514B}.Release|Any CPU.Build.0 = Release|Any CPU
	EndGlobalSection
	GlobalSection(SolutionProperties) = preSolution
		HideSolutionNode = FALSE
	EndGlobalSection
							GlobalSection(MonoDevelopProperties) = preSolution
=======
				GlobalSection(MonoDevelopProperties) = preSolution
>>>>>>> f5082f4a4b5bbee485dbea3a3a2b175756d3123f
		StartupItem = Assembly-CSharp.csproj
		Policies = $0
		$0.TextStylePolicy = $1
		$1.inheritsSet = null
		$1.scope = text/x-csharp
		$0.CSharpFormattingPolicy = $2
		$2.inheritsSet = Mono
		$2.inheritsScope = text/x-csharp
		$2.scope = text/x-csharp
		$0.TextStylePolicy = $3
		$3.FileWidth = 120
		$3.TabWidth = 4
		$3.IndentWidth = 4
		$3.EolMarker = Unix
		$3.inheritsSet = Mono
		$3.inheritsScope = text/plain
		$3.scope = text/plain
	EndGlobalSection

EndGlobal
